// !$*UTF8*$!
{
	archiveVersion = 1;
	classes = {
	};
	objectVersion = 50;
	objects = {

/* Begin PBXBuildFile section */
		2C1D91AA26649801006EF105 /* QRcodeScreen.swift in Sources */ = {isa = PBXBuildFile; fileRef = 2C1D91A926649801006EF105 /* QRcodeScreen.swift */; };
		2C68E84F265FCA1C0050ABB2 /* Gota WatchKit App.app in Embed Watch Content */ = {isa = PBXBuildFile; fileRef = 2C68E84E265FCA1C0050ABB2 /* Gota WatchKit App.app */; settings = {ATTRIBUTES = (RemoveHeadersOnCopy, ); }; };
		2C68E854265FCA1D0050ABB2 /* Assets.xcassets in Resources */ = {isa = PBXBuildFile; fileRef = 2C68E853265FCA1D0050ABB2 /* Assets.xcassets */; };
		2C68E85B265FCA1D0050ABB2 /* Gota WatchKit Extension.appex in Embed App Extensions */ = {isa = PBXBuildFile; fileRef = 2C68E85A265FCA1D0050ABB2 /* Gota WatchKit Extension.appex */; settings = {ATTRIBUTES = (RemoveHeadersOnCopy, ); }; };
		2C68E860265FCA1D0050ABB2 /* GotaApp.swift in Sources */ = {isa = PBXBuildFile; fileRef = 2C68E85F265FCA1D0050ABB2 /* GotaApp.swift */; };
		2C68E862265FCA1D0050ABB2 /* ContentView.swift in Sources */ = {isa = PBXBuildFile; fileRef = 2C68E861265FCA1D0050ABB2 /* ContentView.swift */; };
		2C68E864265FCA1D0050ABB2 /* NotificationController.swift in Sources */ = {isa = PBXBuildFile; fileRef = 2C68E863265FCA1D0050ABB2 /* NotificationController.swift */; };
		2C68E866265FCA1D0050ABB2 /* NotificationView.swift in Sources */ = {isa = PBXBuildFile; fileRef = 2C68E865265FCA1D0050ABB2 /* NotificationView.swift */; };
		2C68E868265FCA1D0050ABB2 /* ComplicationController.swift in Sources */ = {isa = PBXBuildFile; fileRef = 2C68E867265FCA1D0050ABB2 /* ComplicationController.swift */; };
		2C68E86A265FCA1D0050ABB2 /* Assets.xcassets in Resources */ = {isa = PBXBuildFile; fileRef = 2C68E869265FCA1D0050ABB2 /* Assets.xcassets */; };
		2C68E86D265FCA1D0050ABB2 /* Preview Assets.xcassets in Resources */ = {isa = PBXBuildFile; fileRef = 2C68E86C265FCA1D0050ABB2 /* Preview Assets.xcassets */; };
		3E7CCC3C265FD34300BDF077 /* CardView.swift in Sources */ = {isa = PBXBuildFile; fileRef = 3E7CCC3B265FD34300BDF077 /* CardView.swift */; };
		3ECCAA1D2664FAED008ABC06 /* Card.swift in Sources */ = {isa = PBXBuildFile; fileRef = 3ECCAA1C2664FAED008ABC06 /* Card.swift */; };
		3ECCAA1F2664FBFB008ABC06 /* CardsBank.swift in Sources */ = {isa = PBXBuildFile; fileRef = 3ECCAA1E2664FBFB008ABC06 /* CardsBank.swift */; };
		579B780126650A9400BC7323 /* BottleView.swift in Sources */ = {isa = PBXBuildFile; fileRef = 579B780026650A9400BC7323 /* BottleView.swift */; };
/* End PBXBuildFile section */

/* Begin PBXContainerItemProxy section */
		2C68E850265FCA1C0050ABB2 /* PBXContainerItemProxy */ = {
			isa = PBXContainerItemProxy;
			containerPortal = 2C68E844265FCA1C0050ABB2 /* Project object */;
			proxyType = 1;
			remoteGlobalIDString = 2C68E84D265FCA1C0050ABB2;
			remoteInfo = "Drinkadeira WatchKit App";
		};
		2C68E85C265FCA1D0050ABB2 /* PBXContainerItemProxy */ = {
			isa = PBXContainerItemProxy;
			containerPortal = 2C68E844265FCA1C0050ABB2 /* Project object */;
			proxyType = 1;
			remoteGlobalIDString = 2C68E859265FCA1D0050ABB2;
			remoteInfo = "Drinkadeira WatchKit Extension";
		};
/* End PBXContainerItemProxy section */

/* Begin PBXCopyFilesBuildPhase section */
		2C68E875265FCA1D0050ABB2 /* Embed App Extensions */ = {
			isa = PBXCopyFilesBuildPhase;
			buildActionMask = 2147483647;
			dstPath = "";
			dstSubfolderSpec = 13;
			files = (
				2C68E85B265FCA1D0050ABB2 /* Gota WatchKit Extension.appex in Embed App Extensions */,
			);
			name = "Embed App Extensions";
			runOnlyForDeploymentPostprocessing = 0;
		};
		2C68E879265FCA1D0050ABB2 /* Embed Watch Content */ = {
			isa = PBXCopyFilesBuildPhase;
			buildActionMask = 2147483647;
			dstPath = "$(CONTENTS_FOLDER_PATH)/Watch";
			dstSubfolderSpec = 16;
			files = (
				2C68E84F265FCA1C0050ABB2 /* Gota WatchKit App.app in Embed Watch Content */,
			);
			name = "Embed Watch Content";
			runOnlyForDeploymentPostprocessing = 0;
		};
/* End PBXCopyFilesBuildPhase section */

/* Begin PBXFileReference section */
		2C1D91A926649801006EF105 /* QRcodeScreen.swift */ = {isa = PBXFileReference; lastKnownFileType = sourcecode.swift; path = QRcodeScreen.swift; sourceTree = "<group>"; };
		2C68E84A265FCA1C0050ABB2 /* Gota.app */ = {isa = PBXFileReference; explicitFileType = wrapper.application; includeInIndex = 0; path = Gota.app; sourceTree = BUILT_PRODUCTS_DIR; };
		2C68E84E265FCA1C0050ABB2 /* Gota WatchKit App.app */ = {isa = PBXFileReference; explicitFileType = wrapper.application; includeInIndex = 0; path = "Gota WatchKit App.app"; sourceTree = BUILT_PRODUCTS_DIR; };
		2C68E853265FCA1D0050ABB2 /* Assets.xcassets */ = {isa = PBXFileReference; lastKnownFileType = folder.assetcatalog; path = Assets.xcassets; sourceTree = "<group>"; };
		2C68E855265FCA1D0050ABB2 /* Info.plist */ = {isa = PBXFileReference; lastKnownFileType = text.plist.xml; path = Info.plist; sourceTree = "<group>"; };
		2C68E85A265FCA1D0050ABB2 /* Gota WatchKit Extension.appex */ = {isa = PBXFileReference; explicitFileType = "wrapper.app-extension"; includeInIndex = 0; path = "Gota WatchKit Extension.appex"; sourceTree = BUILT_PRODUCTS_DIR; };
		2C68E85F265FCA1D0050ABB2 /* GotaApp.swift */ = {isa = PBXFileReference; lastKnownFileType = sourcecode.swift; path = GotaApp.swift; sourceTree = "<group>"; };
		2C68E861265FCA1D0050ABB2 /* ContentView.swift */ = {isa = PBXFileReference; lastKnownFileType = sourcecode.swift; path = ContentView.swift; sourceTree = "<group>"; };
		2C68E863265FCA1D0050ABB2 /* NotificationController.swift */ = {isa = PBXFileReference; lastKnownFileType = sourcecode.swift; path = NotificationController.swift; sourceTree = "<group>"; };
		2C68E865265FCA1D0050ABB2 /* NotificationView.swift */ = {isa = PBXFileReference; lastKnownFileType = sourcecode.swift; path = NotificationView.swift; sourceTree = "<group>"; };
		2C68E867265FCA1D0050ABB2 /* ComplicationController.swift */ = {isa = PBXFileReference; lastKnownFileType = sourcecode.swift; path = ComplicationController.swift; sourceTree = "<group>"; };
		2C68E869265FCA1D0050ABB2 /* Assets.xcassets */ = {isa = PBXFileReference; lastKnownFileType = folder.assetcatalog; path = Assets.xcassets; sourceTree = "<group>"; };
		2C68E86C265FCA1D0050ABB2 /* Preview Assets.xcassets */ = {isa = PBXFileReference; lastKnownFileType = folder.assetcatalog; path = "Preview Assets.xcassets"; sourceTree = "<group>"; };
		2C68E86E265FCA1D0050ABB2 /* Info.plist */ = {isa = PBXFileReference; lastKnownFileType = text.plist.xml; path = Info.plist; sourceTree = "<group>"; };
		2C68E86F265FCA1D0050ABB2 /* PushNotificationPayload.apns */ = {isa = PBXFileReference; lastKnownFileType = text; path = PushNotificationPayload.apns; sourceTree = "<group>"; };
		3E7CCC3B265FD34300BDF077 /* CardView.swift */ = {isa = PBXFileReference; lastKnownFileType = sourcecode.swift; path = CardView.swift; sourceTree = "<group>"; };
		3ECCAA1C2664FAED008ABC06 /* Card.swift */ = {isa = PBXFileReference; lastKnownFileType = sourcecode.swift; path = Card.swift; sourceTree = "<group>"; };
		3ECCAA1E2664FBFB008ABC06 /* CardsBank.swift */ = {isa = PBXFileReference; lastKnownFileType = sourcecode.swift; path = CardsBank.swift; sourceTree = "<group>"; };
		579B780026650A9400BC7323 /* BottleView.swift */ = {isa = PBXFileReference; lastKnownFileType = sourcecode.swift; path = BottleView.swift; sourceTree = "<group>"; };
/* End PBXFileReference section */

/* Begin PBXFrameworksBuildPhase section */
		2C68E857265FCA1D0050ABB2 /* Frameworks */ = {
			isa = PBXFrameworksBuildPhase;
			buildActionMask = 2147483647;
			files = (
			);
			runOnlyForDeploymentPostprocessing = 0;
		};
/* End PBXFrameworksBuildPhase section */

/* Begin PBXGroup section */
		2C68E843265FCA1C0050ABB2 = {
			isa = PBXGroup;
			children = (
				2C68E852265FCA1C0050ABB2 /* Gota WatchKit App */,
				2C68E85E265FCA1D0050ABB2 /* Gota WatchKit Extension */,
				2C68E84B265FCA1C0050ABB2 /* Products */,
			);
			sourceTree = "<group>";
		};
		2C68E84B265FCA1C0050ABB2 /* Products */ = {
			isa = PBXGroup;
			children = (
				2C68E84A265FCA1C0050ABB2 /* Gota.app */,
				2C68E84E265FCA1C0050ABB2 /* Gota WatchKit App.app */,
				2C68E85A265FCA1D0050ABB2 /* Gota WatchKit Extension.appex */,
			);
			name = Products;
			sourceTree = "<group>";
		};
		2C68E852265FCA1C0050ABB2 /* Gota WatchKit App */ = {
			isa = PBXGroup;
			children = (
				2C68E853265FCA1D0050ABB2 /* Assets.xcassets */,
				2C68E855265FCA1D0050ABB2 /* Info.plist */,
			);
			path = "Gota WatchKit App";
			sourceTree = "<group>";
		};
		2C68E85E265FCA1D0050ABB2 /* Gota WatchKit Extension */ = {
			isa = PBXGroup;
			children = (
				2C68E85F265FCA1D0050ABB2 /* GotaApp.swift */,
				2C68E861265FCA1D0050ABB2 /* ContentView.swift */,
				2C1D91A926649801006EF105 /* QRcodeScreen.swift */,
				2C68E863265FCA1D0050ABB2 /* NotificationController.swift */,
				2C68E865265FCA1D0050ABB2 /* NotificationView.swift */,
				579B780026650A9400BC7323 /* BottleView.swift */,
				2C68E867265FCA1D0050ABB2 /* ComplicationController.swift */,
				2C68E869265FCA1D0050ABB2 /* Assets.xcassets */,
				2C68E86E265FCA1D0050ABB2 /* Info.plist */,
				2C68E86F265FCA1D0050ABB2 /* PushNotificationPayload.apns */,
				2C68E86B265FCA1D0050ABB2 /* Preview Content */,
				3E7CCC3B265FD34300BDF077 /* CardView.swift */,
				3ECCAA1C2664FAED008ABC06 /* Card.swift */,
				3ECCAA1E2664FBFB008ABC06 /* CardsBank.swift */,
			);
			path = "Gota WatchKit Extension";
			sourceTree = "<group>";
		};
		2C68E86B265FCA1D0050ABB2 /* Preview Content */ = {
			isa = PBXGroup;
			children = (
				2C68E86C265FCA1D0050ABB2 /* Preview Assets.xcassets */,
			);
			path = "Preview Content";
			sourceTree = "<group>";
		};
/* End PBXGroup section */

/* Begin PBXNativeTarget section */
		2C68E849265FCA1C0050ABB2 /* Gota */ = {
			isa = PBXNativeTarget;
			buildConfigurationList = 2C68E87A265FCA1D0050ABB2 /* Build configuration list for PBXNativeTarget "Gota" */;
			buildPhases = (
				2C68E848265FCA1C0050ABB2 /* Resources */,
				2C68E879265FCA1D0050ABB2 /* Embed Watch Content */,
			);
			buildRules = (
			);
			dependencies = (
				2C68E851265FCA1C0050ABB2 /* PBXTargetDependency */,
			);
			name = Gota;
			productName = Drinkadeira;
			productReference = 2C68E84A265FCA1C0050ABB2 /* Gota.app */;
			productType = "com.apple.product-type.application.watchapp2-container";
		};
		2C68E84D265FCA1C0050ABB2 /* Gota WatchKit App */ = {
			isa = PBXNativeTarget;
			buildConfigurationList = 2C68E876265FCA1D0050ABB2 /* Build configuration list for PBXNativeTarget "Gota WatchKit App" */;
			buildPhases = (
				2C68E84C265FCA1C0050ABB2 /* Resources */,
				2C68E875265FCA1D0050ABB2 /* Embed App Extensions */,
			);
			buildRules = (
			);
			dependencies = (
				2C68E85D265FCA1D0050ABB2 /* PBXTargetDependency */,
			);
			name = "Gota WatchKit App";
			productName = "Drinkadeira WatchKit App";
			productReference = 2C68E84E265FCA1C0050ABB2 /* Gota WatchKit App.app */;
			productType = "com.apple.product-type.application.watchapp2";
		};
		2C68E859265FCA1D0050ABB2 /* Gota WatchKit Extension */ = {
			isa = PBXNativeTarget;
			buildConfigurationList = 2C68E872265FCA1D0050ABB2 /* Build configuration list for PBXNativeTarget "Gota WatchKit Extension" */;
			buildPhases = (
				2C68E856265FCA1D0050ABB2 /* Sources */,
				2C68E857265FCA1D0050ABB2 /* Frameworks */,
				2C68E858265FCA1D0050ABB2 /* Resources */,
			);
			buildRules = (
			);
			dependencies = (
			);
			name = "Gota WatchKit Extension";
			productName = "Drinkadeira WatchKit Extension";
			productReference = 2C68E85A265FCA1D0050ABB2 /* Gota WatchKit Extension.appex */;
			productType = "com.apple.product-type.watchkit2-extension";
		};
/* End PBXNativeTarget section */

/* Begin PBXProject section */
		2C68E844265FCA1C0050ABB2 /* Project object */ = {
			isa = PBXProject;
			attributes = {
				LastSwiftUpdateCheck = 1220;
				LastUpgradeCheck = 1220;
				TargetAttributes = {
					2C68E849265FCA1C0050ABB2 = {
						CreatedOnToolsVersion = 12.2;
					};
					2C68E84D265FCA1C0050ABB2 = {
						CreatedOnToolsVersion = 12.2;
					};
					2C68E859265FCA1D0050ABB2 = {
						CreatedOnToolsVersion = 12.2;
					};
				};
			};
			buildConfigurationList = 2C68E847265FCA1C0050ABB2 /* Build configuration list for PBXProject "Gota" */;
			compatibilityVersion = "Xcode 9.3";
			developmentRegion = en;
			hasScannedForEncodings = 0;
			knownRegions = (
				en,
				Base,
			);
			mainGroup = 2C68E843265FCA1C0050ABB2;
			productRefGroup = 2C68E84B265FCA1C0050ABB2 /* Products */;
			projectDirPath = "";
			projectRoot = "";
			targets = (
				2C68E849265FCA1C0050ABB2 /* Gota */,
				2C68E84D265FCA1C0050ABB2 /* Gota WatchKit App */,
				2C68E859265FCA1D0050ABB2 /* Gota WatchKit Extension */,
			);
		};
/* End PBXProject section */

/* Begin PBXResourcesBuildPhase section */
		2C68E848265FCA1C0050ABB2 /* Resources */ = {
			isa = PBXResourcesBuildPhase;
			buildActionMask = 2147483647;
			files = (
			);
			runOnlyForDeploymentPostprocessing = 0;
		};
		2C68E84C265FCA1C0050ABB2 /* Resources */ = {
			isa = PBXResourcesBuildPhase;
			buildActionMask = 2147483647;
			files = (
				2C68E854265FCA1D0050ABB2 /* Assets.xcassets in Resources */,
			);
			runOnlyForDeploymentPostprocessing = 0;
		};
		2C68E858265FCA1D0050ABB2 /* Resources */ = {
			isa = PBXResourcesBuildPhase;
			buildActionMask = 2147483647;
			files = (
				2C68E86D265FCA1D0050ABB2 /* Preview Assets.xcassets in Resources */,
				2C68E86A265FCA1D0050ABB2 /* Assets.xcassets in Resources */,
			);
			runOnlyForDeploymentPostprocessing = 0;
		};
/* End PBXResourcesBuildPhase section */

/* Begin PBXSourcesBuildPhase section */
		2C68E856265FCA1D0050ABB2 /* Sources */ = {
			isa = PBXSourcesBuildPhase;
			buildActionMask = 2147483647;
			files = (
				3ECCAA1F2664FBFB008ABC06 /* CardsBank.swift in Sources */,
				2C68E864265FCA1D0050ABB2 /* NotificationController.swift in Sources */,
				3E7CCC3C265FD34300BDF077 /* CardView.swift in Sources */,
				2C68E862265FCA1D0050ABB2 /* ContentView.swift in Sources */,
				2C68E868265FCA1D0050ABB2 /* ComplicationController.swift in Sources */,
				2C1D91AA26649801006EF105 /* QRcodeScreen.swift in Sources */,
				2C68E860265FCA1D0050ABB2 /* GotaApp.swift in Sources */,
				2C68E866265FCA1D0050ABB2 /* NotificationView.swift in Sources */,
				579B780126650A9400BC7323 /* BottleView.swift in Sources */,
				3ECCAA1D2664FAED008ABC06 /* Card.swift in Sources */,
			);
			runOnlyForDeploymentPostprocessing = 0;
		};
/* End PBXSourcesBuildPhase section */

/* Begin PBXTargetDependency section */
		2C68E851265FCA1C0050ABB2 /* PBXTargetDependency */ = {
			isa = PBXTargetDependency;
			target = 2C68E84D265FCA1C0050ABB2 /* Gota WatchKit App */;
			targetProxy = 2C68E850265FCA1C0050ABB2 /* PBXContainerItemProxy */;
		};
		2C68E85D265FCA1D0050ABB2 /* PBXTargetDependency */ = {
			isa = PBXTargetDependency;
			target = 2C68E859265FCA1D0050ABB2 /* Gota WatchKit Extension */;
			targetProxy = 2C68E85C265FCA1D0050ABB2 /* PBXContainerItemProxy */;
		};
/* End PBXTargetDependency section */

/* Begin XCBuildConfiguration section */
		2C68E870265FCA1D0050ABB2 /* Debug */ = {
			isa = XCBuildConfiguration;
			buildSettings = {
				ALWAYS_SEARCH_USER_PATHS = NO;
				CLANG_ANALYZER_NONNULL = YES;
				CLANG_ANALYZER_NUMBER_OBJECT_CONVERSION = YES_AGGRESSIVE;
				CLANG_CXX_LANGUAGE_STANDARD = "gnu++14";
				CLANG_CXX_LIBRARY = "libc++";
				CLANG_ENABLE_MODULES = YES;
				CLANG_ENABLE_OBJC_ARC = YES;
				CLANG_ENABLE_OBJC_WEAK = YES;
				CLANG_WARN_BLOCK_CAPTURE_AUTORELEASING = YES;
				CLANG_WARN_BOOL_CONVERSION = YES;
				CLANG_WARN_COMMA = YES;
				CLANG_WARN_CONSTANT_CONVERSION = YES;
				CLANG_WARN_DEPRECATED_OBJC_IMPLEMENTATIONS = YES;
				CLANG_WARN_DIRECT_OBJC_ISA_USAGE = YES_ERROR;
				CLANG_WARN_DOCUMENTATION_COMMENTS = YES;
				CLANG_WARN_EMPTY_BODY = YES;
				CLANG_WARN_ENUM_CONVERSION = YES;
				CLANG_WARN_INFINITE_RECURSION = YES;
				CLANG_WARN_INT_CONVERSION = YES;
				CLANG_WARN_NON_LITERAL_NULL_CONVERSION = YES;
				CLANG_WARN_OBJC_IMPLICIT_RETAIN_SELF = YES;
				CLANG_WARN_OBJC_LITERAL_CONVERSION = YES;
				CLANG_WARN_OBJC_ROOT_CLASS = YES_ERROR;
				CLANG_WARN_QUOTED_INCLUDE_IN_FRAMEWORK_HEADER = YES;
				CLANG_WARN_RANGE_LOOP_ANALYSIS = YES;
				CLANG_WARN_STRICT_PROTOTYPES = YES;
				CLANG_WARN_SUSPICIOUS_MOVE = YES;
				CLANG_WARN_UNGUARDED_AVAILABILITY = YES_AGGRESSIVE;
				CLANG_WARN_UNREACHABLE_CODE = YES;
				CLANG_WARN__DUPLICATE_METHOD_MATCH = YES;
				COPY_PHASE_STRIP = NO;
				DEBUG_INFORMATION_FORMAT = dwarf;
				ENABLE_STRICT_OBJC_MSGSEND = YES;
				ENABLE_TESTABILITY = YES;
				GCC_C_LANGUAGE_STANDARD = gnu11;
				GCC_DYNAMIC_NO_PIC = NO;
				GCC_NO_COMMON_BLOCKS = YES;
				GCC_OPTIMIZATION_LEVEL = 0;
				GCC_PREPROCESSOR_DEFINITIONS = (
					"DEBUG=1",
					"$(inherited)",
				);
				GCC_WARN_64_TO_32_BIT_CONVERSION = YES;
				GCC_WARN_ABOUT_RETURN_TYPE = YES_ERROR;
				GCC_WARN_UNDECLARED_SELECTOR = YES;
				GCC_WARN_UNINITIALIZED_AUTOS = YES_AGGRESSIVE;
				GCC_WARN_UNUSED_FUNCTION = YES;
				GCC_WARN_UNUSED_VARIABLE = YES;
				MTL_ENABLE_DEBUG_INFO = INCLUDE_SOURCE;
				MTL_FAST_MATH = YES;
				ONLY_ACTIVE_ARCH = YES;
				SDKROOT = iphoneos;
				SWIFT_ACTIVE_COMPILATION_CONDITIONS = DEBUG;
				SWIFT_OPTIMIZATION_LEVEL = "-Onone";
			};
			name = Debug;
		};
		2C68E871265FCA1D0050ABB2 /* Release */ = {
			isa = XCBuildConfiguration;
			buildSettings = {
				ALWAYS_SEARCH_USER_PATHS = NO;
				CLANG_ANALYZER_NONNULL = YES;
				CLANG_ANALYZER_NUMBER_OBJECT_CONVERSION = YES_AGGRESSIVE;
				CLANG_CXX_LANGUAGE_STANDARD = "gnu++14";
				CLANG_CXX_LIBRARY = "libc++";
				CLANG_ENABLE_MODULES = YES;
				CLANG_ENABLE_OBJC_ARC = YES;
				CLANG_ENABLE_OBJC_WEAK = YES;
				CLANG_WARN_BLOCK_CAPTURE_AUTORELEASING = YES;
				CLANG_WARN_BOOL_CONVERSION = YES;
				CLANG_WARN_COMMA = YES;
				CLANG_WARN_CONSTANT_CONVERSION = YES;
				CLANG_WARN_DEPRECATED_OBJC_IMPLEMENTATIONS = YES;
				CLANG_WARN_DIRECT_OBJC_ISA_USAGE = YES_ERROR;
				CLANG_WARN_DOCUMENTATION_COMMENTS = YES;
				CLANG_WARN_EMPTY_BODY = YES;
				CLANG_WARN_ENUM_CONVERSION = YES;
				CLANG_WARN_INFINITE_RECURSION = YES;
				CLANG_WARN_INT_CONVERSION = YES;
				CLANG_WARN_NON_LITERAL_NULL_CONVERSION = YES;
				CLANG_WARN_OBJC_IMPLICIT_RETAIN_SELF = YES;
				CLANG_WARN_OBJC_LITERAL_CONVERSION = YES;
				CLANG_WARN_OBJC_ROOT_CLASS = YES_ERROR;
				CLANG_WARN_QUOTED_INCLUDE_IN_FRAMEWORK_HEADER = YES;
				CLANG_WARN_RANGE_LOOP_ANALYSIS = YES;
				CLANG_WARN_STRICT_PROTOTYPES = YES;
				CLANG_WARN_SUSPICIOUS_MOVE = YES;
				CLANG_WARN_UNGUARDED_AVAILABILITY = YES_AGGRESSIVE;
				CLANG_WARN_UNREACHABLE_CODE = YES;
				CLANG_WARN__DUPLICATE_METHOD_MATCH = YES;
				COPY_PHASE_STRIP = NO;
				DEBUG_INFORMATION_FORMAT = "dwarf-with-dsym";
				ENABLE_NS_ASSERTIONS = NO;
				ENABLE_STRICT_OBJC_MSGSEND = YES;
				GCC_C_LANGUAGE_STANDARD = gnu11;
				GCC_NO_COMMON_BLOCKS = YES;
				GCC_WARN_64_TO_32_BIT_CONVERSION = YES;
				GCC_WARN_ABOUT_RETURN_TYPE = YES_ERROR;
				GCC_WARN_UNDECLARED_SELECTOR = YES;
				GCC_WARN_UNINITIALIZED_AUTOS = YES_AGGRESSIVE;
				GCC_WARN_UNUSED_FUNCTION = YES;
				GCC_WARN_UNUSED_VARIABLE = YES;
				MTL_ENABLE_DEBUG_INFO = NO;
				MTL_FAST_MATH = YES;
				SDKROOT = iphoneos;
				SWIFT_COMPILATION_MODE = wholemodule;
				SWIFT_OPTIMIZATION_LEVEL = "-O";
				VALIDATE_PRODUCT = YES;
			};
			name = Release;
		};
		2C68E873265FCA1D0050ABB2 /* Debug */ = {
			isa = XCBuildConfiguration;
			buildSettings = {
				ASSETCATALOG_COMPILER_COMPLICATION_NAME = Complication;
				CODE_SIGN_STYLE = Automatic;
				DEVELOPMENT_ASSET_PATHS = "\"Gota WatchKit Extension/Preview Content\"";
				DEVELOPMENT_TEAM = VZ9BWS84AA;
				ENABLE_PREVIEWS = YES;
				INFOPLIST_FILE = "Gota WatchKit Extension/Info.plist";
				LD_RUNPATH_SEARCH_PATHS = (
					"$(inherited)",
					"@executable_path/Frameworks",
					"@executable_path/../../Frameworks",
				);
				PRODUCT_BUNDLE_IDENTIFIER = Academy.Gota.watchkitapp.watchkitextension;
				PRODUCT_NAME = "${TARGET_NAME}";
				SDKROOT = watchos;
				SKIP_INSTALL = YES;
				SWIFT_VERSION = 5.0;
				TARGETED_DEVICE_FAMILY = 4;
				WATCHOS_DEPLOYMENT_TARGET = 7.1;
			};
			name = Debug;
		};
		2C68E874265FCA1D0050ABB2 /* Release */ = {
			isa = XCBuildConfiguration;
			buildSettings = {
				ASSETCATALOG_COMPILER_COMPLICATION_NAME = Complication;
				CODE_SIGN_STYLE = Automatic;
				DEVELOPMENT_ASSET_PATHS = "\"Gota WatchKit Extension/Preview Content\"";
				DEVELOPMENT_TEAM = VZ9BWS84AA;
				ENABLE_PREVIEWS = YES;
				INFOPLIST_FILE = "Gota WatchKit Extension/Info.plist";
				LD_RUNPATH_SEARCH_PATHS = (
					"$(inherited)",
					"@executable_path/Frameworks",
					"@executable_path/../../Frameworks",
				);
				PRODUCT_BUNDLE_IDENTIFIER = Academy.Gota.watchkitapp.watchkitextension;
				PRODUCT_NAME = "${TARGET_NAME}";
				SDKROOT = watchos;
				SKIP_INSTALL = YES;
				SWIFT_VERSION = 5.0;
				TARGETED_DEVICE_FAMILY = 4;
				WATCHOS_DEPLOYMENT_TARGET = 7.1;
			};
			name = Release;
		};
		2C68E877265FCA1D0050ABB2 /* Debug */ = {
			isa = XCBuildConfiguration;
			buildSettings = {
				ALWAYS_EMBED_SWIFT_STANDARD_LIBRARIES = YES;
				ASSETCATALOG_COMPILER_APPICON_NAME = AppIcon;
				ASSETCATALOG_COMPILER_GLOBAL_ACCENT_COLOR_NAME = AccentColor;
				CODE_SIGN_STYLE = Automatic;
				DEVELOPMENT_TEAM = VZ9BWS84AA;
				IBSC_MODULE = Gota_WatchKit_Extension;
				INFOPLIST_FILE = "Gota WatchKit App/Info.plist";
				PRODUCT_BUNDLE_IDENTIFIER = Academy.Gota.watchkitapp;
				PRODUCT_NAME = "$(TARGET_NAME)";
				SDKROOT = watchos;
				SKIP_INSTALL = YES;
				SWIFT_VERSION = 5.0;
				TARGETED_DEVICE_FAMILY = 4;
				WATCHOS_DEPLOYMENT_TARGET = 7.1;
			};
			name = Debug;
		};
		2C68E878265FCA1D0050ABB2 /* Release */ = {
			isa = XCBuildConfiguration;
			buildSettings = {
				ALWAYS_EMBED_SWIFT_STANDARD_LIBRARIES = YES;
				ASSETCATALOG_COMPILER_APPICON_NAME = AppIcon;
				ASSETCATALOG_COMPILER_GLOBAL_ACCENT_COLOR_NAME = AccentColor;
				CODE_SIGN_STYLE = Automatic;
				DEVELOPMENT_TEAM = VZ9BWS84AA;
				IBSC_MODULE = Gota_WatchKit_Extension;
				INFOPLIST_FILE = "Gota WatchKit App/Info.plist";
				PRODUCT_BUNDLE_IDENTIFIER = Academy.Gota.watchkitapp;
				PRODUCT_NAME = "$(TARGET_NAME)";
				SDKROOT = watchos;
				SKIP_INSTALL = YES;
				SWIFT_VERSION = 5.0;
				TARGETED_DEVICE_FAMILY = 4;
				WATCHOS_DEPLOYMENT_TARGET = 7.1;
			};
			name = Release;
		};
		2C68E87B265FCA1D0050ABB2 /* Debug */ = {
			isa = XCBuildConfiguration;
			buildSettings = {
				CODE_SIGN_IDENTITY = "Apple Development";
				CODE_SIGN_STYLE = Automatic;
				CURRENT_PROJECT_VERSION = 1;
				DEVELOPMENT_TEAM = FTH34SW9QV;
				MARKETING_VERSION = 1.0;
				PRODUCT_BUNDLE_IDENTIFIER = Academy.Gota;
				PRODUCT_NAME = Gota;
				PROVISIONING_PROFILE_SPECIFIER = "";
				SWIFT_VERSION = 5.0;
			};
			name = Debug;
		};
		2C68E87C265FCA1D0050ABB2 /* Release */ = {
			isa = XCBuildConfiguration;
			buildSettings = {
				CODE_SIGN_IDENTITY = "Apple Development";
				CODE_SIGN_STYLE = Automatic;
				CURRENT_PROJECT_VERSION = 1;
				DEVELOPMENT_TEAM = FTH34SW9QV;
				MARKETING_VERSION = 1.0;
				PRODUCT_BUNDLE_IDENTIFIER = Academy.Gota;
				PRODUCT_NAME = Gota;
				PROVISIONING_PROFILE_SPECIFIER = "";
				SWIFT_VERSION = 5.0;
			};
			name = Release;
		};
/* End XCBuildConfiguration section */

/* Begin XCConfigurationList section */
		2C68E847265FCA1C0050ABB2 /* Build configuration list for PBXProject "Gota" */ = {
			isa = XCConfigurationList;
			buildConfigurations = (
				2C68E870265FCA1D0050ABB2 /* Debug */,
				2C68E871265FCA1D0050ABB2 /* Release */,
			);
			defaultConfigurationIsVisible = 0;
			defaultConfigurationName = Release;
		};
		2C68E872265FCA1D0050ABB2 /* Build configuration list for PBXNativeTarget "Gota WatchKit Extension" */ = {
			isa = XCConfigurationList;
			buildConfigurations = (
				2C68E873265FCA1D0050ABB2 /* Debug */,
				2C68E874265FCA1D0050ABB2 /* Release */,
			);
			defaultConfigurationIsVisible = 0;
			defaultConfigurationName = Release;
		};
		2C68E876265FCA1D0050ABB2 /* Build configuration list for PBXNativeTarget "Gota WatchKit App" */ = {
			isa = XCConfigurationList;
			buildConfigurations = (
				2C68E877265FCA1D0050ABB2 /* Debug */,
				2C68E878265FCA1D0050ABB2 /* Release */,
			);
			defaultConfigurationIsVisible = 0;
			defaultConfigurationName = Release;
		};
		2C68E87A265FCA1D0050ABB2 /* Build configuration list for PBXNativeTarget "Gota" */ = {
			isa = XCConfigurationList;
			buildConfigurations = (
				2C68E87B265FCA1D0050ABB2 /* Debug */,
				2C68E87C265FCA1D0050ABB2 /* Release */,
			);
			defaultConfigurationIsVisible = 0;
			defaultConfigurationName = Release;
		};
/* End XCConfigurationList section */
	};
	rootObject = 2C68E844265FCA1C0050ABB2 /* Project object */;
}
